
Microsoft Visual Studio Solution File, Format Version 12.00
# Visual Studio Version 16
VisualStudioVersion = 16.0.29025.244
MinimumVisualStudioVersion = 10.0.40219.1
Project("{9A19103F-16F7-4668-BE54-9A1E7A4F7556}") = "DisplayButtons", "DisplayButtons\DisplayButtons.csproj", "{2E4934B5-FFBC-4F7C-8CD5-5F3B3DEB86F1}"
	ProjectSection(ProjectDependencies) = postProject
		{340C12FD-3B4D-4A37-AB81-5C5786135206} = {340C12FD-3B4D-4A37-AB81-5C5786135206}
	EndProjectSection
EndProject
Project("{54435603-DBB4-11D2-8724-00A0C9A8B90C}") = "Setup", "Setup\Setup.vdproj", "{544FD7CB-2E4F-477D-9F3E-21D8DBBE995D}"
EndProject
Project("{9A19103F-16F7-4668-BE54-9A1E7A4F7556}") = "TransparentTwitchChatWPF", "Transparent-Twitch-Chat-Overlay\TransparentTwitchChatWPF\TransparentTwitchChatWPF.csproj", "{340C12FD-3B4D-4A37-AB81-5C5786135206}"
EndProject
Project("{FAE04EC0-301F-11D3-BF4B-00C04F79EFBC}") = "InterfaceDll", "InterfaceDll\InterfaceDll.csproj", "{0ABD28F1-AB70-4EDA-85D4-46842CA3AF7E}"
EndProject
Global
	GlobalSection(SolutionConfigurationPlatforms) = preSolution
		Debug|Any CPU = Debug|Any CPU
		Debug|x64 = Debug|x64
		Debug|x86 = Debug|x86
		Release|Any CPU = Release|Any CPU
		Release|x64 = Release|x64
		Release|x86 = Release|x86
	EndGlobalSection
	GlobalSection(ProjectConfigurationPlatforms) = postSolution
		{2E4934B5-FFBC-4F7C-8CD5-5F3B3DEB86F1}.Debug|Any CPU.ActiveCfg = Debug|Any CPU
		{2E4934B5-FFBC-4F7C-8CD5-5F3B3DEB86F1}.Debug|Any CPU.Build.0 = Debug|Any CPU
		{2E4934B5-FFBC-4F7C-8CD5-5F3B3DEB86F1}.Debug|x64.ActiveCfg = Debug|Any CPU
		{2E4934B5-FFBC-4F7C-8CD5-5F3B3DEB86F1}.Debug|x64.Build.0 = Debug|Any CPU
		{2E4934B5-FFBC-4F7C-8CD5-5F3B3DEB86F1}.Debug|x86.ActiveCfg = Debug|x86
		{2E4934B5-FFBC-4F7C-8CD5-5F3B3DEB86F1}.Release|Any CPU.ActiveCfg = Release|Any CPU
		{2E4934B5-FFBC-4F7C-8CD5-5F3B3DEB86F1}.Release|Any CPU.Build.0 = Release|Any CPU
		{2E4934B5-FFBC-4F7C-8CD5-5F3B3DEB86F1}.Release|x64.ActiveCfg = Release|Any CPU
		{2E4934B5-FFBC-4F7C-8CD5-5F3B3DEB86F1}.Release|x64.Build.0 = Release|Any CPU
		{2E4934B5-FFBC-4F7C-8CD5-5F3B3DEB86F1}.Release|x86.ActiveCfg = Release|x86
		{2E4934B5-FFBC-4F7C-8CD5-5F3B3DEB86F1}.Release|x86.Build.0 = Release|x86
		{544FD7CB-2E4F-477D-9F3E-21D8DBBE995D}.Debug|Any CPU.ActiveCfg = Debug
		{544FD7CB-2E4F-477D-9F3E-21D8DBBE995D}.Debug|x64.ActiveCfg = Debug
		{544FD7CB-2E4F-477D-9F3E-21D8DBBE995D}.Debug|x86.ActiveCfg = Debug
		{544FD7CB-2E4F-477D-9F3E-21D8DBBE995D}.Release|Any CPU.ActiveCfg = Release
		{544FD7CB-2E4F-477D-9F3E-21D8DBBE995D}.Release|x64.ActiveCfg = Release
		{544FD7CB-2E4F-477D-9F3E-21D8DBBE995D}.Release|x64.Build.0 = Release
		{544FD7CB-2E4F-477D-9F3E-21D8DBBE995D}.Release|x86.ActiveCfg = Release
		{544FD7CB-2E4F-477D-9F3E-21D8DBBE995D}.Release|x86.Build.0 = Release
		{340C12FD-3B4D-4A37-AB81-5C5786135206}.Debug|Any CPU.ActiveCfg = Debug|x64
		{340C12FD-3B4D-4A37-AB81-5C5786135206}.Debug|Any CPU.Build.0 = Debug|x64
		{340C12FD-3B4D-4A37-AB81-5C5786135206}.Debug|x64.ActiveCfg = Debug|x64
		{340C12FD-3B4D-4A37-AB81-5C5786135206}.Debug|x64.Build.0 = Debug|x64
		{340C12FD-3B4D-4A37-AB81-5C5786135206}.Debug|x86.ActiveCfg = Debug|x86
		{340C12FD-3B4D-4A37-AB81-5C5786135206}.Debug|x86.Build.0 = Debug|x86
		{340C12FD-3B4D-4A37-AB81-5C5786135206}.Release|Any CPU.ActiveCfg = Release|Any CPU
		{340C12FD-3B4D-4A37-AB81-5C5786135206}.Release|Any CPU.Build.0 = Release|Any CPU
		{340C12FD-3B4D-4A37-AB81-5C5786135206}.Release|x64.ActiveCfg = Release|x64
		{340C12FD-3B4D-4A37-AB81-5C5786135206}.Release|x64.Build.0 = Release|x64
		{340C12FD-3B4D-4A37-AB81-5C5786135206}.Release|x86.ActiveCfg = Release|x86
		{340C12FD-3B4D-4A37-AB81-5C5786135206}.Release|x86.Build.0 = Release|x86
		{0ABD28F1-AB70-4EDA-85D4-46842CA3AF7E}.Debug|Any CPU.ActiveCfg = Debug|Any CPU
		{0ABD28F1-AB70-4EDA-85D4-46842CA3AF7E}.Debug|Any CPU.Build.0 = Debug|Any CPU
		{0ABD28F1-AB70-4EDA-85D4-46842CA3AF7E}.Debug|x64.ActiveCfg = Debug|Any CPU
		{0ABD28F1-AB70-4EDA-85D4-46842CA3AF7E}.Debug|x64.Build.0 = Debug|Any CPU
		{0ABD28F1-AB70-4EDA-85D4-46842CA3AF7E}.Debug|x86.ActiveCfg = Debug|Any CPU
		{0ABD28F1-AB70-4EDA-85D4-46842CA3AF7E}.Debug|x86.Build.0 = Debug|Any CPU
		{0ABD28F1-AB70-4EDA-85D4-46842CA3AF7E}.Release|Any CPU.ActiveCfg = Release|Any CPU
		{0ABD28F1-AB70-4EDA-85D4-46842CA3AF7E}.Release|Any CPU.Build.0 = Release|Any CPU
		{0ABD28F1-AB70-4EDA-85D4-46842CA3AF7E}.Release|x64.ActiveCfg = Release|Any CPU
		{0ABD28F1-AB70-4EDA-85D4-46842CA3AF7E}.Release|x64.Build.0 = Release|Any CPU
		{0ABD28F1-AB70-4EDA-85D4-46842CA3AF7E}.Release|x86.ActiveCfg = Release|Any CPU
		{0ABD28F1-AB70-4EDA-85D4-46842CA3AF7E}.Release|x86.Build.0 = Release|Any CPU
	EndGlobalSection
	GlobalSection(SolutionProperties) = preSolution
		HideSolutionNode = FALSE
	EndGlobalSection
	GlobalSection(ExtensibilityGlobals) = postSolution
		SolutionGuid = {6BBDAE9A-607C-4349-BD4D-66958350141A}
	EndGlobalSection
EndGlobal
