
Microsoft Visual Studio Solution File, Format Version 12.00
# Visual Studio Version 16
VisualStudioVersion = 16.0.29025.244
MinimumVisualStudioVersion = 10.0.40219.1
Project("{9A19103F-16F7-4668-BE54-9A1E7A4F7556}") = "DisplayButtons", "DisplayButtons\DisplayButtons.csproj", "{2E4934B5-FFBC-4F7C-8CD5-5F3B3DEB86F1}"
	ProjectSection(ProjectDependencies) = postProject
		{693BDC4D-933F-42CF-9C5D-83566E4185E4} = {693BDC4D-933F-42CF-9C5D-83566E4185E4}
		{340C12FD-3B4D-4A37-AB81-5C5786135206} = {340C12FD-3B4D-4A37-AB81-5C5786135206}
	EndProjectSection
EndProject
Project("{54435603-DBB4-11D2-8724-00A0C9A8B90C}") = "Setup", "Setup\Setup.vdproj", "{544FD7CB-2E4F-477D-9F3E-21D8DBBE995D}"
EndProject
Project("{9A19103F-16F7-4668-BE54-9A1E7A4F7556}") = "TransparentTwitchChatWPF", "Transparent-Twitch-Chat-Overlay\TransparentTwitchChatWPF\TransparentTwitchChatWPF.csproj", "{340C12FD-3B4D-4A37-AB81-5C5786135206}"
EndProject
Project("{9A19103F-16F7-4668-BE54-9A1E7A4F7556}") = "InterfaceDll", "InterfaceDll\InterfaceDll.csproj", "{0ABD28F1-AB70-4EDA-85D4-46842CA3AF7E}"
EndProject
Project("{9A19103F-16F7-4668-BE54-9A1E7A4F7556}") = "McMaster.NETCore.Plugins", "Plugins\McMaster.NETCore.Plugins.csproj", "{891C889C-84AF-46A8-91D9-62DCF8870D88}"
EndProject
Project("{9A19103F-16F7-4668-BE54-9A1E7A4F7556}") = "MoonSharp.Interpreter.netcore", "MoonSharp.Interpreter.netcore\MoonSharp.Interpreter.netcore.csproj", "{693BDC4D-933F-42CF-9C5D-83566E4185E4}"
EndProject
Project("{FAE04EC0-301F-11D3-BF4B-00C04F79EFBC}") = "NthMultiLanguage", "NthMultiLanguage\NthMultiLanguage.csproj", "{2C6A78BD-71D7-40B0-9EC7-AC698143CF54}"
EndProject
Project("{2150E333-8FDC-42A3-9474-1A3956D46DE8}") = "Interfaces", "Interfaces", "{7F000225-2385-4499-B825-7ABD5776E0A4}"
EndProject
Project("{2150E333-8FDC-42A3-9474-1A3956D46DE8}") = "Bibliotecas", "Bibliotecas", "{855DDA78-D8B9-48C5-958E-E54BED80D6D9}"
EndProject
Project("{2150E333-8FDC-42A3-9474-1A3956D46DE8}") = "Plugins", "Plugins", "{35608EB5-9F68-49E9-8FFA-862FF5B1E5FB}"
EndProject
Project("{9A19103F-16F7-4668-BE54-9A1E7A4F7556}") = "OnlyDllPlugin", "OnlyDllPlugin\OnlyDllPlugin.csproj", "{A6CF9464-73FD-45E0-AA1F-D06F01B5A0B2}"
EndProject
Project("{9A19103F-16F7-4668-BE54-9A1E7A4F7556}") = "BackendAPI", "BackendAPI\BackendAPI.csproj", "{4AE8925A-5531-4B2F-A677-FA848773AA2B}"
EndProject
Project("{9A19103F-16F7-4668-BE54-9A1E7A4F7556}") = "BackendProxy", "ProxyBackend\BackendProxy.csproj", "{77BE374D-961F-4CF7-9561-0EB7D79D427A}"
EndProject
Project("{9A19103F-16F7-4668-BE54-9A1E7A4F7556}") = "DesignDependencies", "DesignDependencies\DesignDependencies.csproj", "{44A3BFA0-D1F9-4122-B512-5C99E1495ADF}"
EndProject
Global
	GlobalSection(SolutionConfigurationPlatforms) = preSolution
		Debug|Any CPU = Debug|Any CPU
		Debug|x64 = Debug|x64
		Debug|x86 = Debug|x86
		Release|Any CPU = Release|Any CPU
		Release|x64 = Release|x64
		Release|x86 = Release|x86
	EndGlobalSection
	GlobalSection(ProjectConfigurationPlatforms) = postSolution
		{2E4934B5-FFBC-4F7C-8CD5-5F3B3DEB86F1}.Debug|Any CPU.ActiveCfg = Debug|Any CPU
		{2E4934B5-FFBC-4F7C-8CD5-5F3B3DEB86F1}.Debug|Any CPU.Build.0 = Debug|Any CPU
		{2E4934B5-FFBC-4F7C-8CD5-5F3B3DEB86F1}.Debug|x64.ActiveCfg = Debug|Any CPU
		{2E4934B5-FFBC-4F7C-8CD5-5F3B3DEB86F1}.Debug|x64.Build.0 = Debug|Any CPU
		{2E4934B5-FFBC-4F7C-8CD5-5F3B3DEB86F1}.Debug|x86.ActiveCfg = Debug|Any CPU
		{2E4934B5-FFBC-4F7C-8CD5-5F3B3DEB86F1}.Debug|x86.Build.0 = Debug|Any CPU
		{2E4934B5-FFBC-4F7C-8CD5-5F3B3DEB86F1}.Release|Any CPU.ActiveCfg = Release|Any CPU
		{2E4934B5-FFBC-4F7C-8CD5-5F3B3DEB86F1}.Release|Any CPU.Build.0 = Release|Any CPU
		{2E4934B5-FFBC-4F7C-8CD5-5F3B3DEB86F1}.Release|x64.ActiveCfg = Release|Any CPU
		{2E4934B5-FFBC-4F7C-8CD5-5F3B3DEB86F1}.Release|x64.Build.0 = Release|Any CPU
		{2E4934B5-FFBC-4F7C-8CD5-5F3B3DEB86F1}.Release|x86.ActiveCfg = Release|x86
		{2E4934B5-FFBC-4F7C-8CD5-5F3B3DEB86F1}.Release|x86.Build.0 = Release|x86
		{544FD7CB-2E4F-477D-9F3E-21D8DBBE995D}.Debug|Any CPU.ActiveCfg = Debug
		{544FD7CB-2E4F-477D-9F3E-21D8DBBE995D}.Debug|x64.ActiveCfg = Debug
		{544FD7CB-2E4F-477D-9F3E-21D8DBBE995D}.Debug|x86.ActiveCfg = Debug
		{544FD7CB-2E4F-477D-9F3E-21D8DBBE995D}.Release|Any CPU.ActiveCfg = Release
		{544FD7CB-2E4F-477D-9F3E-21D8DBBE995D}.Release|x64.ActiveCfg = Release
		{544FD7CB-2E4F-477D-9F3E-21D8DBBE995D}.Release|x64.Build.0 = Release
		{544FD7CB-2E4F-477D-9F3E-21D8DBBE995D}.Release|x86.ActiveCfg = Release
		{544FD7CB-2E4F-477D-9F3E-21D8DBBE995D}.Release|x86.Build.0 = Release
		{340C12FD-3B4D-4A37-AB81-5C5786135206}.Debug|Any CPU.ActiveCfg = Debug|x86
		{340C12FD-3B4D-4A37-AB81-5C5786135206}.Debug|Any CPU.Build.0 = Debug|x86
		{340C12FD-3B4D-4A37-AB81-5C5786135206}.Debug|x64.ActiveCfg = Debug|x64
		{340C12FD-3B4D-4A37-AB81-5C5786135206}.Debug|x64.Build.0 = Debug|x64
		{340C12FD-3B4D-4A37-AB81-5C5786135206}.Debug|x86.ActiveCfg = Debug|x86
		{340C12FD-3B4D-4A37-AB81-5C5786135206}.Debug|x86.Build.0 = Debug|x86
		{340C12FD-3B4D-4A37-AB81-5C5786135206}.Release|Any CPU.ActiveCfg = Release|x86
		{340C12FD-3B4D-4A37-AB81-5C5786135206}.Release|x64.ActiveCfg = Release|x64
		{340C12FD-3B4D-4A37-AB81-5C5786135206}.Release|x64.Build.0 = Release|x64
		{340C12FD-3B4D-4A37-AB81-5C5786135206}.Release|x86.ActiveCfg = Release|x86
		{340C12FD-3B4D-4A37-AB81-5C5786135206}.Release|x86.Build.0 = Release|x86
		{0ABD28F1-AB70-4EDA-85D4-46842CA3AF7E}.Debug|Any CPU.ActiveCfg = Debug|Any CPU
		{0ABD28F1-AB70-4EDA-85D4-46842CA3AF7E}.Debug|Any CPU.Build.0 = Debug|Any CPU
		{0ABD28F1-AB70-4EDA-85D4-46842CA3AF7E}.Debug|x64.ActiveCfg = Debug|Any CPU
		{0ABD28F1-AB70-4EDA-85D4-46842CA3AF7E}.Debug|x64.Build.0 = Debug|Any CPU
		{0ABD28F1-AB70-4EDA-85D4-46842CA3AF7E}.Debug|x86.ActiveCfg = Debug|x86
		{0ABD28F1-AB70-4EDA-85D4-46842CA3AF7E}.Debug|x86.Build.0 = Debug|x86
		{0ABD28F1-AB70-4EDA-85D4-46842CA3AF7E}.Release|Any CPU.ActiveCfg = Release|Any CPU
		{0ABD28F1-AB70-4EDA-85D4-46842CA3AF7E}.Release|Any CPU.Build.0 = Release|Any CPU
		{0ABD28F1-AB70-4EDA-85D4-46842CA3AF7E}.Release|x64.ActiveCfg = Release|Any CPU
		{0ABD28F1-AB70-4EDA-85D4-46842CA3AF7E}.Release|x64.Build.0 = Release|Any CPU
		{0ABD28F1-AB70-4EDA-85D4-46842CA3AF7E}.Release|x86.ActiveCfg = Release|Any CPU
		{0ABD28F1-AB70-4EDA-85D4-46842CA3AF7E}.Release|x86.Build.0 = Release|Any CPU
		{891C889C-84AF-46A8-91D9-62DCF8870D88}.Debug|Any CPU.ActiveCfg = Debug|Any CPU
		{891C889C-84AF-46A8-91D9-62DCF8870D88}.Debug|Any CPU.Build.0 = Debug|Any CPU
		{891C889C-84AF-46A8-91D9-62DCF8870D88}.Debug|x64.ActiveCfg = Debug|Any CPU
		{891C889C-84AF-46A8-91D9-62DCF8870D88}.Debug|x64.Build.0 = Debug|Any CPU
		{891C889C-84AF-46A8-91D9-62DCF8870D88}.Debug|x86.ActiveCfg = Debug|Any CPU
		{891C889C-84AF-46A8-91D9-62DCF8870D88}.Debug|x86.Build.0 = Debug|Any CPU
		{891C889C-84AF-46A8-91D9-62DCF8870D88}.Release|Any CPU.ActiveCfg = Release|Any CPU
		{891C889C-84AF-46A8-91D9-62DCF8870D88}.Release|Any CPU.Build.0 = Release|Any CPU
		{891C889C-84AF-46A8-91D9-62DCF8870D88}.Release|x64.ActiveCfg = Release|Any CPU
		{891C889C-84AF-46A8-91D9-62DCF8870D88}.Release|x64.Build.0 = Release|Any CPU
		{891C889C-84AF-46A8-91D9-62DCF8870D88}.Release|x86.ActiveCfg = Release|Any CPU
		{891C889C-84AF-46A8-91D9-62DCF8870D88}.Release|x86.Build.0 = Release|Any CPU
		{693BDC4D-933F-42CF-9C5D-83566E4185E4}.Debug|Any CPU.ActiveCfg = Debug|Any CPU
		{693BDC4D-933F-42CF-9C5D-83566E4185E4}.Debug|Any CPU.Build.0 = Debug|Any CPU
		{693BDC4D-933F-42CF-9C5D-83566E4185E4}.Debug|x64.ActiveCfg = Debug|Any CPU
		{693BDC4D-933F-42CF-9C5D-83566E4185E4}.Debug|x64.Build.0 = Debug|Any CPU
		{693BDC4D-933F-42CF-9C5D-83566E4185E4}.Debug|x86.ActiveCfg = Debug|Any CPU
		{693BDC4D-933F-42CF-9C5D-83566E4185E4}.Debug|x86.Build.0 = Debug|Any CPU
		{693BDC4D-933F-42CF-9C5D-83566E4185E4}.Release|Any CPU.ActiveCfg = Release|Any CPU
		{693BDC4D-933F-42CF-9C5D-83566E4185E4}.Release|Any CPU.Build.0 = Release|Any CPU
		{693BDC4D-933F-42CF-9C5D-83566E4185E4}.Release|x64.ActiveCfg = Release|Any CPU
		{693BDC4D-933F-42CF-9C5D-83566E4185E4}.Release|x64.Build.0 = Release|Any CPU
		{693BDC4D-933F-42CF-9C5D-83566E4185E4}.Release|x86.ActiveCfg = Release|Any CPU
		{693BDC4D-933F-42CF-9C5D-83566E4185E4}.Release|x86.Build.0 = Release|Any CPU
		{2C6A78BD-71D7-40B0-9EC7-AC698143CF54}.Debug|Any CPU.ActiveCfg = Debug|Any CPU
		{2C6A78BD-71D7-40B0-9EC7-AC698143CF54}.Debug|Any CPU.Build.0 = Debug|Any CPU
		{2C6A78BD-71D7-40B0-9EC7-AC698143CF54}.Debug|x64.ActiveCfg = Debug|Any CPU
		{2C6A78BD-71D7-40B0-9EC7-AC698143CF54}.Debug|x64.Build.0 = Debug|Any CPU
		{2C6A78BD-71D7-40B0-9EC7-AC698143CF54}.Debug|x86.ActiveCfg = Debug|Any CPU
		{2C6A78BD-71D7-40B0-9EC7-AC698143CF54}.Debug|x86.Build.0 = Debug|Any CPU
		{2C6A78BD-71D7-40B0-9EC7-AC698143CF54}.Release|Any CPU.ActiveCfg = Release|Any CPU
		{2C6A78BD-71D7-40B0-9EC7-AC698143CF54}.Release|Any CPU.Build.0 = Release|Any CPU
		{2C6A78BD-71D7-40B0-9EC7-AC698143CF54}.Release|x64.ActiveCfg = Release|Any CPU
		{2C6A78BD-71D7-40B0-9EC7-AC698143CF54}.Release|x64.Build.0 = Release|Any CPU
		{2C6A78BD-71D7-40B0-9EC7-AC698143CF54}.Release|x86.ActiveCfg = Release|Any CPU
		{2C6A78BD-71D7-40B0-9EC7-AC698143CF54}.Release|x86.Build.0 = Release|Any CPU
		{A6CF9464-73FD-45E0-AA1F-D06F01B5A0B2}.Debug|Any CPU.ActiveCfg = Debug|Any CPU
		{A6CF9464-73FD-45E0-AA1F-D06F01B5A0B2}.Debug|x64.ActiveCfg = Debug|Any CPU
		{A6CF9464-73FD-45E0-AA1F-D06F01B5A0B2}.Debug|x64.Build.0 = Debug|Any CPU
		{A6CF9464-73FD-45E0-AA1F-D06F01B5A0B2}.Debug|x86.ActiveCfg = Debug|Any CPU
		{A6CF9464-73FD-45E0-AA1F-D06F01B5A0B2}.Debug|x86.Build.0 = Debug|Any CPU
		{A6CF9464-73FD-45E0-AA1F-D06F01B5A0B2}.Release|Any CPU.ActiveCfg = Release|Any CPU
		{A6CF9464-73FD-45E0-AA1F-D06F01B5A0B2}.Release|Any CPU.Build.0 = Release|Any CPU
		{A6CF9464-73FD-45E0-AA1F-D06F01B5A0B2}.Release|x64.ActiveCfg = Release|Any CPU
		{A6CF9464-73FD-45E0-AA1F-D06F01B5A0B2}.Release|x64.Build.0 = Release|Any CPU
		{A6CF9464-73FD-45E0-AA1F-D06F01B5A0B2}.Release|x86.ActiveCfg = Release|Any CPU
		{A6CF9464-73FD-45E0-AA1F-D06F01B5A0B2}.Release|x86.Build.0 = Release|Any CPU
		{4AE8925A-5531-4B2F-A677-FA848773AA2B}.Debug|Any CPU.ActiveCfg = Debug|Any CPU
		{4AE8925A-5531-4B2F-A677-FA848773AA2B}.Debug|Any CPU.Build.0 = Debug|Any CPU
		{4AE8925A-5531-4B2F-A677-FA848773AA2B}.Debug|x64.ActiveCfg = Debug|Any CPU
		{4AE8925A-5531-4B2F-A677-FA848773AA2B}.Debug|x64.Build.0 = Debug|Any CPU
		{4AE8925A-5531-4B2F-A677-FA848773AA2B}.Debug|x86.ActiveCfg = Debug|Any CPU
		{4AE8925A-5531-4B2F-A677-FA848773AA2B}.Debug|x86.Build.0 = Debug|Any CPU
		{4AE8925A-5531-4B2F-A677-FA848773AA2B}.Release|Any CPU.ActiveCfg = Release|Any CPU
		{4AE8925A-5531-4B2F-A677-FA848773AA2B}.Release|Any CPU.Build.0 = Release|Any CPU
		{4AE8925A-5531-4B2F-A677-FA848773AA2B}.Release|x64.ActiveCfg = Release|Any CPU
		{4AE8925A-5531-4B2F-A677-FA848773AA2B}.Release|x64.Build.0 = Release|Any CPU
		{4AE8925A-5531-4B2F-A677-FA848773AA2B}.Release|x86.ActiveCfg = Release|Any CPU
		{4AE8925A-5531-4B2F-A677-FA848773AA2B}.Release|x86.Build.0 = Release|Any CPU
		{77BE374D-961F-4CF7-9561-0EB7D79D427A}.Debug|Any CPU.ActiveCfg = Debug|Any CPU
		{77BE374D-961F-4CF7-9561-0EB7D79D427A}.Debug|Any CPU.Build.0 = Debug|Any CPU
		{77BE374D-961F-4CF7-9561-0EB7D79D427A}.Debug|x64.ActiveCfg = Debug|Any CPU
		{77BE374D-961F-4CF7-9561-0EB7D79D427A}.Debug|x64.Build.0 = Debug|Any CPU
		{77BE374D-961F-4CF7-9561-0EB7D79D427A}.Debug|x86.ActiveCfg = Debug|Any CPU
		{77BE374D-961F-4CF7-9561-0EB7D79D427A}.Debug|x86.Build.0 = Debug|Any CPU
		{77BE374D-961F-4CF7-9561-0EB7D79D427A}.Release|Any CPU.ActiveCfg = Release|Any CPU
		{77BE374D-961F-4CF7-9561-0EB7D79D427A}.Release|Any CPU.Build.0 = Release|Any CPU
		{77BE374D-961F-4CF7-9561-0EB7D79D427A}.Release|x64.ActiveCfg = Release|Any CPU
		{77BE374D-961F-4CF7-9561-0EB7D79D427A}.Release|x64.Build.0 = Release|Any CPU
		{77BE374D-961F-4CF7-9561-0EB7D79D427A}.Release|x86.ActiveCfg = Release|Any CPU
		{77BE374D-961F-4CF7-9561-0EB7D79D427A}.Release|x86.Build.0 = Release|Any CPU
		{44A3BFA0-D1F9-4122-B512-5C99E1495ADF}.Debug|Any CPU.ActiveCfg = Debug|Any CPU
		{44A3BFA0-D1F9-4122-B512-5C99E1495ADF}.Debug|Any CPU.Build.0 = Debug|Any CPU
		{44A3BFA0-D1F9-4122-B512-5C99E1495ADF}.Debug|x64.ActiveCfg = Debug|Any CPU
		{44A3BFA0-D1F9-4122-B512-5C99E1495ADF}.Debug|x64.Build.0 = Debug|Any CPU
		{44A3BFA0-D1F9-4122-B512-5C99E1495ADF}.Debug|x86.ActiveCfg = Debug|Any CPU
		{44A3BFA0-D1F9-4122-B512-5C99E1495ADF}.Debug|x86.Build.0 = Debug|Any CPU
		{44A3BFA0-D1F9-4122-B512-5C99E1495ADF}.Release|Any CPU.ActiveCfg = Release|Any CPU
		{44A3BFA0-D1F9-4122-B512-5C99E1495ADF}.Release|Any CPU.Build.0 = Release|Any CPU
		{44A3BFA0-D1F9-4122-B512-5C99E1495ADF}.Release|x64.ActiveCfg = Release|Any CPU
		{44A3BFA0-D1F9-4122-B512-5C99E1495ADF}.Release|x64.Build.0 = Release|Any CPU
		{44A3BFA0-D1F9-4122-B512-5C99E1495ADF}.Release|x86.ActiveCfg = Release|Any CPU
		{44A3BFA0-D1F9-4122-B512-5C99E1495ADF}.Release|x86.Build.0 = Release|Any CPU
	EndGlobalSection
	GlobalSection(SolutionProperties) = preSolution
		HideSolutionNode = FALSE
	EndGlobalSection
	GlobalSection(NestedProjects) = preSolution
		{340C12FD-3B4D-4A37-AB81-5C5786135206} = {35608EB5-9F68-49E9-8FFA-862FF5B1E5FB}
		{0ABD28F1-AB70-4EDA-85D4-46842CA3AF7E} = {7F000225-2385-4499-B825-7ABD5776E0A4}
		{891C889C-84AF-46A8-91D9-62DCF8870D88} = {855DDA78-D8B9-48C5-958E-E54BED80D6D9}
		{693BDC4D-933F-42CF-9C5D-83566E4185E4} = {855DDA78-D8B9-48C5-958E-E54BED80D6D9}
		{2C6A78BD-71D7-40B0-9EC7-AC698143CF54} = {855DDA78-D8B9-48C5-958E-E54BED80D6D9}
		{A6CF9464-73FD-45E0-AA1F-D06F01B5A0B2} = {35608EB5-9F68-49E9-8FFA-862FF5B1E5FB}
	EndGlobalSection
	GlobalSection(ExtensibilityGlobals) = postSolution
		SolutionGuid = {6BBDAE9A-607C-4349-BD4D-66958350141A}
	EndGlobalSection
EndGlobal
