
Microsoft Visual Studio Solution File, Format Version 12.00
# Visual Studio Version 16
VisualStudioVersion = 16.0.29025.244
MinimumVisualStudioVersion = 10.0.40219.1
Project("{9A19103F-16F7-4668-BE54-9A1E7A4F7556}") = "DisplayButtons", "DisplayButtons\DisplayButtons.csproj", "{2E4934B5-FFBC-4F7C-8CD5-5F3B3DEB86F1}"
EndProject
Project("{FAE04EC0-301F-11D3-BF4B-00C04F79EFBC}") = "EventHook", "EventHook\EventHook\EventHook.csproj", "{3847A7F4-3F6B-4626-AF4C-8FDFBA6165F2}"
EndProject
Global
	GlobalSection(SolutionConfigurationPlatforms) = preSolution
		Debug|Any CPU = Debug|Any CPU
		Release|Any CPU = Release|Any CPU
	EndGlobalSection
	GlobalSection(ProjectConfigurationPlatforms) = postSolution
		{2E4934B5-FFBC-4F7C-8CD5-5F3B3DEB86F1}.Debug|Any CPU.ActiveCfg = Debug|Any CPU
		{2E4934B5-FFBC-4F7C-8CD5-5F3B3DEB86F1}.Debug|Any CPU.Build.0 = Debug|Any CPU
		{2E4934B5-FFBC-4F7C-8CD5-5F3B3DEB86F1}.Release|Any CPU.ActiveCfg = Release|Any CPU
		{2E4934B5-FFBC-4F7C-8CD5-5F3B3DEB86F1}.Release|Any CPU.Build.0 = Release|Any CPU
		{3847A7F4-3F6B-4626-AF4C-8FDFBA6165F2}.Debug|Any CPU.ActiveCfg = Debug|Any CPU
		{3847A7F4-3F6B-4626-AF4C-8FDFBA6165F2}.Debug|Any CPU.Build.0 = Debug|Any CPU
		{3847A7F4-3F6B-4626-AF4C-8FDFBA6165F2}.Release|Any CPU.ActiveCfg = Release|Any CPU
		{3847A7F4-3F6B-4626-AF4C-8FDFBA6165F2}.Release|Any CPU.Build.0 = Release|Any CPU
	EndGlobalSection
	GlobalSection(SolutionProperties) = preSolution
		HideSolutionNode = FALSE
	EndGlobalSection
	GlobalSection(ExtensibilityGlobals) = postSolution
		SolutionGuid = {6BBDAE9A-607C-4349-BD4D-66958350141A}
	EndGlobalSection
EndGlobal
